# This file is autogenerated, do not edit; changes may be undone by the next 'dep ensure'.


[[projects]]
  name = "github.com/codegangsta/inject"
  packages = ["."]
  revision = "37d7f8432a3e684eef9b2edece76bdfa6ac85b39"
  version = "v1.0-rc1"

[[projects]]
  name = "github.com/codeskyblue/go-sh"
  packages = ["."]
  revision = "b097669b1569203c3ce05a6b8717d43140fdb3d5"
  version = "0.2"

[solve-meta]
  analyzer-name = "dep"
  analyzer-version = 1
  inputs-digest = "f98e9b904e7cb0dcf719bdb596e0799e2fa314a51f405823e36267a1ec9b6593"
  solver-name = "gps-cdcl"
  solver-version = 1
